
Microsoft Visual Studio Solution File, Format Version 12.00
# Visual Studio Version 17
VisualStudioVersion = 17.7.34018.315
MinimumVisualStudioVersion = 10.0.40219.1
Project("{FAE04EC0-301F-11D3-BF4B-00C04F79EFBC}") = "SchoolChatGPT_v1.0", "SchoolChatGPT_v1.0\SchoolChatGPT_v1.0.csproj", "{4195D69E-193D-4D9C-99D4-B0CB5AB3F64E}"
EndProject
Project("{FAE04EC0-301F-11D3-BF4B-00C04F79EFBC}") = "SetWordsForNeuralNetwork", "SetWordsForNeuralNetwork\SetWordsForNeuralNetwork.csproj", "{2D4767EA-1111-412E-80BD-3EB2D6F5F5F0}"
EndProject
Project("{FAE04EC0-301F-11D3-BF4B-00C04F79EFBC}") = "ShoolChat_Beta_v1.0", "ShoolChat_Beta_v1.0\ShoolChat_Beta_v1.0.csproj", "{F69BE30B-DB7D-49E8-8D5D-3D92C0E2DCBD}"
EndProject
Project("{FAE04EC0-301F-11D3-BF4B-00C04F79EFBC}") = "Settings", "Settings\Settings.csproj", "{AEDAA1F7-527A-4C55-9BCD-4A10738E01DA}"
EndProject
Global
	GlobalSection(SolutionConfigurationPlatforms) = preSolution
		Debug|Any CPU = Debug|Any CPU
		Release|Any CPU = Release|Any CPU
	EndGlobalSection
	GlobalSection(ProjectConfigurationPlatforms) = postSolution
		{4195D69E-193D-4D9C-99D4-B0CB5AB3F64E}.Debug|Any CPU.ActiveCfg = Debug|Any CPU
		{4195D69E-193D-4D9C-99D4-B0CB5AB3F64E}.Debug|Any CPU.Build.0 = Debug|Any CPU
		{4195D69E-193D-4D9C-99D4-B0CB5AB3F64E}.Release|Any CPU.ActiveCfg = Release|Any CPU
		{4195D69E-193D-4D9C-99D4-B0CB5AB3F64E}.Release|Any CPU.Build.0 = Release|Any CPU
		{2D4767EA-1111-412E-80BD-3EB2D6F5F5F0}.Debug|Any CPU.ActiveCfg = Debug|Any CPU
		{2D4767EA-1111-412E-80BD-3EB2D6F5F5F0}.Debug|Any CPU.Build.0 = Debug|Any CPU
		{2D4767EA-1111-412E-80BD-3EB2D6F5F5F0}.Release|Any CPU.ActiveCfg = Release|Any CPU
		{2D4767EA-1111-412E-80BD-3EB2D6F5F5F0}.Release|Any CPU.Build.0 = Release|Any CPU
		{F69BE30B-DB7D-49E8-8D5D-3D92C0E2DCBD}.Debug|Any CPU.ActiveCfg = Debug|Any CPU
		{F69BE30B-DB7D-49E8-8D5D-3D92C0E2DCBD}.Debug|Any CPU.Build.0 = Debug|Any CPU
		{F69BE30B-DB7D-49E8-8D5D-3D92C0E2DCBD}.Release|Any CPU.ActiveCfg = Release|Any CPU
		{F69BE30B-DB7D-49E8-8D5D-3D92C0E2DCBD}.Release|Any CPU.Build.0 = Release|Any CPU
		{AEDAA1F7-527A-4C55-9BCD-4A10738E01DA}.Debug|Any CPU.ActiveCfg = Debug|Any CPU
		{AEDAA1F7-527A-4C55-9BCD-4A10738E01DA}.Debug|Any CPU.Build.0 = Debug|Any CPU
		{AEDAA1F7-527A-4C55-9BCD-4A10738E01DA}.Release|Any CPU.ActiveCfg = Release|Any CPU
		{AEDAA1F7-527A-4C55-9BCD-4A10738E01DA}.Release|Any CPU.Build.0 = Release|Any CPU
	EndGlobalSection
	GlobalSection(SolutionProperties) = preSolution
		HideSolutionNode = FALSE
	EndGlobalSection
	GlobalSection(ExtensibilityGlobals) = postSolution
		SolutionGuid = {BF71735E-A1B5-4989-AE66-886C33FDFAA4}
	EndGlobalSection
EndGlobal
